
Microsoft Visual Studio Solution File, Format Version 12.00
# Visual Studio 15
VisualStudioVersion = 15.0.26730.12
MinimumVisualStudioVersion = 10.0.40219.1
Project("{2150E333-8FDC-42A3-9474-1A3956D46DE8}") = "Source", "Source", "{E9E343C6-9EE9-4EA4-81EC-6BFC09AE9402}"
EndProject
Project("{2150E333-8FDC-42A3-9474-1A3956D46DE8}") = "Tests", "Tests", "{A0AA2E1D-2B42-475F-BCA4-80DD5CCB64CD}"
EndProject
Project("{9A19103F-16F7-4668-BE54-9A1E7A4F7556}") = "MaybeMonad.Extensions.ResultMonad", "MaybeMonad.Extensions.ResultMonad\MaybeMonad.Extensions.ResultMonad.csproj", "{82BA5208-2B07-4337-B03E-8E2EA3C2DDA9}"
EndProject
Project("{9A19103F-16F7-4668-BE54-9A1E7A4F7556}") = "ResultMonad", "ResultMonad\ResultMonad.csproj", "{476031D4-6DAB-46F7-8BCC-B729C98DB2A1}"
EndProject
Project("{9A19103F-16F7-4668-BE54-9A1E7A4F7556}") = "HttpResultMonad", "HttpResultMonad\HttpResultMonad.csproj", "{7154C272-2D4A-4EE0-BC12-CE0C4CDF1EC0}"
EndProject
Project("{9A19103F-16F7-4668-BE54-9A1E7A4F7556}") = "HttpResultMonad.Extensions", "HttpResultMonad.Extensions\HttpResultMonad.Extensions.csproj", "{55ED30F0-D1EE-4A17-9FDE-A7A0D69BAAEF}"
EndProject
Project("{9A19103F-16F7-4668-BE54-9A1E7A4F7556}") = "ResultMonad.Extensions", "ResultMonad.Extensions\ResultMonad.Extensions.csproj", "{CE401D4F-E27F-4393-B6C0-8385E5DC1660}"
EndProject
Project("{9A19103F-16F7-4668-BE54-9A1E7A4F7556}") = "ResultMonad.Extensions.HttpResultMonad", "ResultMonad.Extensions.HttpResultMonad\ResultMonad.Extensions.HttpResultMonad.csproj", "{ED71AAD8-0056-4999-BA3F-476CC3381432}"
EndProject
Project("{2150E333-8FDC-42A3-9474-1A3956D46DE8}") = "Nuget", "Nuget", "{54729880-87F5-460B-B94B-34ACE429D09E}"
	ProjectSection(SolutionItems) = preProject
		nuget.config = nuget.config
	EndProjectSection
EndProject
Project("{9A19103F-16F7-4668-BE54-9A1E7A4F7556}") = "MaybeMonad", "MaybeMonad\MaybeMonad.csproj", "{34230919-64B2-4FA3-92C9-A5259FD8A063}"
EndProject
Project("{2150E333-8FDC-42A3-9474-1A3956D46DE8}") = "CodeCoverage", "CodeCoverage", "{98893718-231B-45A9-B02B-13D66748798B}"
	ProjectSection(SolutionItems) = preProject
		..\..\Tests\CodeCoverageAllTestProjects.runsettings = ..\..\Tests\CodeCoverageAllTestProjects.runsettings
	EndProjectSection
EndProject
Project("{9A19103F-16F7-4668-BE54-9A1E7A4F7556}") = "Tests.Shared", "..\..\Tests\Tests.Shared\Tests.Shared.csproj", "{EDECAB91-B187-47BE-AC03-788DEDDF8AA0}"
EndProject
Project("{9A19103F-16F7-4668-BE54-9A1E7A4F7556}") = "HttpResultMonad.HttpResultOnHttpClient", "HttpResultMonad.HttpResultOnHttpClient\HttpResultMonad.HttpResultOnHttpClient.csproj", "{D866FEE7-FAC8-40F3-AF01-1CCAC6055286}"
EndProject
Project("{FAE04EC0-301F-11D3-BF4B-00C04F79EFBC}") = "MaybeMonad.Tests", "..\..\Tests\MaybeMonad.Tests\MaybeMonad.Tests.csproj", "{78803053-F4B5-4C04-A115-5BEE092F2123}"
EndProject
Project("{FAE04EC0-301F-11D3-BF4B-00C04F79EFBC}") = "HttpResultMonad.Extensions.Tests", "..\..\Tests\HttpResultMonad.Extensions.Tests\HttpResultMonad.Extensions.Tests.csproj", "{1E697CA9-5FAE-49F7-8293-67F5DCF8BFC7}"
EndProject
Project("{FAE04EC0-301F-11D3-BF4B-00C04F79EFBC}") = "HttpResultMonad.Tests", "..\..\Tests\HttpResultMonad.Tests\HttpResultMonad.Tests.csproj", "{AE82DAC4-0FAA-4AE5-AEA6-99BDF3757B67}"
EndProject
Project("{FAE04EC0-301F-11D3-BF4B-00C04F79EFBC}") = "HttpResultMonad.HttpResultOnHttpClient.Tests", "..\..\Tests\HttpResultMonad.HttpResultOnHttpClient.Tests\HttpResultMonad.HttpResultOnHttpClient.Tests.csproj", "{247829F4-D0DC-42DF-A916-E1559360F401}"
EndProject
Project("{FAE04EC0-301F-11D3-BF4B-00C04F79EFBC}") = "ResultMonad.Tests", "..\..\Tests\ResultMonad.Tests\ResultMonad.Tests.csproj", "{41240F93-01CA-4992-B4A4-3ADD585B0215}"
EndProject
Project("{FAE04EC0-301F-11D3-BF4B-00C04F79EFBC}") = "MaybeMonad.Extensions.ResultMonad.Tests", "..\..\Tests\MaybeMonad.Extensions.ResultMonad.Tests\MaybeMonad.Extensions.ResultMonad.Tests.csproj", "{452531A0-DAD8-4EC1-9DA5-BDBC327AE983}"
EndProject
Global
	GlobalSection(SolutionConfigurationPlatforms) = preSolution
		Debug|Any CPU = Debug|Any CPU
		Release|Any CPU = Release|Any CPU
	EndGlobalSection
	GlobalSection(ProjectConfigurationPlatforms) = postSolution
		{82BA5208-2B07-4337-B03E-8E2EA3C2DDA9}.Debug|Any CPU.ActiveCfg = Debug|Any CPU
		{82BA5208-2B07-4337-B03E-8E2EA3C2DDA9}.Debug|Any CPU.Build.0 = Debug|Any CPU
		{82BA5208-2B07-4337-B03E-8E2EA3C2DDA9}.Release|Any CPU.ActiveCfg = Release|Any CPU
		{82BA5208-2B07-4337-B03E-8E2EA3C2DDA9}.Release|Any CPU.Build.0 = Release|Any CPU
		{476031D4-6DAB-46F7-8BCC-B729C98DB2A1}.Debug|Any CPU.ActiveCfg = Debug|Any CPU
		{476031D4-6DAB-46F7-8BCC-B729C98DB2A1}.Debug|Any CPU.Build.0 = Debug|Any CPU
		{476031D4-6DAB-46F7-8BCC-B729C98DB2A1}.Release|Any CPU.ActiveCfg = Release|Any CPU
		{476031D4-6DAB-46F7-8BCC-B729C98DB2A1}.Release|Any CPU.Build.0 = Release|Any CPU
		{7154C272-2D4A-4EE0-BC12-CE0C4CDF1EC0}.Debug|Any CPU.ActiveCfg = Debug|Any CPU
		{7154C272-2D4A-4EE0-BC12-CE0C4CDF1EC0}.Debug|Any CPU.Build.0 = Debug|Any CPU
		{7154C272-2D4A-4EE0-BC12-CE0C4CDF1EC0}.Release|Any CPU.ActiveCfg = Release|Any CPU
		{7154C272-2D4A-4EE0-BC12-CE0C4CDF1EC0}.Release|Any CPU.Build.0 = Release|Any CPU
		{55ED30F0-D1EE-4A17-9FDE-A7A0D69BAAEF}.Debug|Any CPU.ActiveCfg = Debug|Any CPU
		{55ED30F0-D1EE-4A17-9FDE-A7A0D69BAAEF}.Debug|Any CPU.Build.0 = Debug|Any CPU
		{55ED30F0-D1EE-4A17-9FDE-A7A0D69BAAEF}.Release|Any CPU.ActiveCfg = Release|Any CPU
		{55ED30F0-D1EE-4A17-9FDE-A7A0D69BAAEF}.Release|Any CPU.Build.0 = Release|Any CPU
		{CE401D4F-E27F-4393-B6C0-8385E5DC1660}.Debug|Any CPU.ActiveCfg = Debug|Any CPU
		{CE401D4F-E27F-4393-B6C0-8385E5DC1660}.Debug|Any CPU.Build.0 = Debug|Any CPU
		{CE401D4F-E27F-4393-B6C0-8385E5DC1660}.Release|Any CPU.ActiveCfg = Release|Any CPU
		{CE401D4F-E27F-4393-B6C0-8385E5DC1660}.Release|Any CPU.Build.0 = Release|Any CPU
		{ED71AAD8-0056-4999-BA3F-476CC3381432}.Debug|Any CPU.ActiveCfg = Debug|Any CPU
		{ED71AAD8-0056-4999-BA3F-476CC3381432}.Debug|Any CPU.Build.0 = Debug|Any CPU
		{ED71AAD8-0056-4999-BA3F-476CC3381432}.Release|Any CPU.ActiveCfg = Release|Any CPU
		{ED71AAD8-0056-4999-BA3F-476CC3381432}.Release|Any CPU.Build.0 = Release|Any CPU
		{34230919-64B2-4FA3-92C9-A5259FD8A063}.Debug|Any CPU.ActiveCfg = Debug|Any CPU
		{34230919-64B2-4FA3-92C9-A5259FD8A063}.Debug|Any CPU.Build.0 = Debug|Any CPU
		{34230919-64B2-4FA3-92C9-A5259FD8A063}.Release|Any CPU.ActiveCfg = Release|Any CPU
		{34230919-64B2-4FA3-92C9-A5259FD8A063}.Release|Any CPU.Build.0 = Release|Any CPU
		{EDECAB91-B187-47BE-AC03-788DEDDF8AA0}.Debug|Any CPU.ActiveCfg = Debug|Any CPU
		{EDECAB91-B187-47BE-AC03-788DEDDF8AA0}.Debug|Any CPU.Build.0 = Debug|Any CPU
		{EDECAB91-B187-47BE-AC03-788DEDDF8AA0}.Release|Any CPU.ActiveCfg = Release|Any CPU
		{EDECAB91-B187-47BE-AC03-788DEDDF8AA0}.Release|Any CPU.Build.0 = Release|Any CPU
		{D866FEE7-FAC8-40F3-AF01-1CCAC6055286}.Debug|Any CPU.ActiveCfg = Debug|Any CPU
		{D866FEE7-FAC8-40F3-AF01-1CCAC6055286}.Debug|Any CPU.Build.0 = Debug|Any CPU
		{D866FEE7-FAC8-40F3-AF01-1CCAC6055286}.Release|Any CPU.ActiveCfg = Release|Any CPU
		{D866FEE7-FAC8-40F3-AF01-1CCAC6055286}.Release|Any CPU.Build.0 = Release|Any CPU
		{78803053-F4B5-4C04-A115-5BEE092F2123}.Debug|Any CPU.ActiveCfg = Debug|Any CPU
		{78803053-F4B5-4C04-A115-5BEE092F2123}.Debug|Any CPU.Build.0 = Debug|Any CPU
		{78803053-F4B5-4C04-A115-5BEE092F2123}.Release|Any CPU.ActiveCfg = Release|Any CPU
		{78803053-F4B5-4C04-A115-5BEE092F2123}.Release|Any CPU.Build.0 = Release|Any CPU
		{1E697CA9-5FAE-49F7-8293-67F5DCF8BFC7}.Debug|Any CPU.ActiveCfg = Debug|Any CPU
		{1E697CA9-5FAE-49F7-8293-67F5DCF8BFC7}.Debug|Any CPU.Build.0 = Debug|Any CPU
		{1E697CA9-5FAE-49F7-8293-67F5DCF8BFC7}.Release|Any CPU.ActiveCfg = Release|Any CPU
		{1E697CA9-5FAE-49F7-8293-67F5DCF8BFC7}.Release|Any CPU.Build.0 = Release|Any CPU
		{AE82DAC4-0FAA-4AE5-AEA6-99BDF3757B67}.Debug|Any CPU.ActiveCfg = Debug|Any CPU
		{AE82DAC4-0FAA-4AE5-AEA6-99BDF3757B67}.Debug|Any CPU.Build.0 = Debug|Any CPU
		{AE82DAC4-0FAA-4AE5-AEA6-99BDF3757B67}.Release|Any CPU.ActiveCfg = Release|Any CPU
		{AE82DAC4-0FAA-4AE5-AEA6-99BDF3757B67}.Release|Any CPU.Build.0 = Release|Any CPU
		{247829F4-D0DC-42DF-A916-E1559360F401}.Debug|Any CPU.ActiveCfg = Debug|Any CPU
		{247829F4-D0DC-42DF-A916-E1559360F401}.Debug|Any CPU.Build.0 = Debug|Any CPU
		{247829F4-D0DC-42DF-A916-E1559360F401}.Release|Any CPU.ActiveCfg = Release|Any CPU
		{247829F4-D0DC-42DF-A916-E1559360F401}.Release|Any CPU.Build.0 = Release|Any CPU
		{41240F93-01CA-4992-B4A4-3ADD585B0215}.Debug|Any CPU.ActiveCfg = Debug|Any CPU
		{41240F93-01CA-4992-B4A4-3ADD585B0215}.Debug|Any CPU.Build.0 = Debug|Any CPU
		{41240F93-01CA-4992-B4A4-3ADD585B0215}.Release|Any CPU.ActiveCfg = Release|Any CPU
		{41240F93-01CA-4992-B4A4-3ADD585B0215}.Release|Any CPU.Build.0 = Release|Any CPU
		{452531A0-DAD8-4EC1-9DA5-BDBC327AE983}.Debug|Any CPU.ActiveCfg = Debug|Any CPU
		{452531A0-DAD8-4EC1-9DA5-BDBC327AE983}.Debug|Any CPU.Build.0 = Debug|Any CPU
		{452531A0-DAD8-4EC1-9DA5-BDBC327AE983}.Release|Any CPU.ActiveCfg = Release|Any CPU
		{452531A0-DAD8-4EC1-9DA5-BDBC327AE983}.Release|Any CPU.Build.0 = Release|Any CPU
	EndGlobalSection
	GlobalSection(SolutionProperties) = preSolution
		HideSolutionNode = FALSE
	EndGlobalSection
	GlobalSection(NestedProjects) = preSolution
		{82BA5208-2B07-4337-B03E-8E2EA3C2DDA9} = {E9E343C6-9EE9-4EA4-81EC-6BFC09AE9402}
		{476031D4-6DAB-46F7-8BCC-B729C98DB2A1} = {E9E343C6-9EE9-4EA4-81EC-6BFC09AE9402}
		{7154C272-2D4A-4EE0-BC12-CE0C4CDF1EC0} = {E9E343C6-9EE9-4EA4-81EC-6BFC09AE9402}
		{55ED30F0-D1EE-4A17-9FDE-A7A0D69BAAEF} = {E9E343C6-9EE9-4EA4-81EC-6BFC09AE9402}
		{CE401D4F-E27F-4393-B6C0-8385E5DC1660} = {E9E343C6-9EE9-4EA4-81EC-6BFC09AE9402}
		{ED71AAD8-0056-4999-BA3F-476CC3381432} = {E9E343C6-9EE9-4EA4-81EC-6BFC09AE9402}
		{34230919-64B2-4FA3-92C9-A5259FD8A063} = {E9E343C6-9EE9-4EA4-81EC-6BFC09AE9402}
		{98893718-231B-45A9-B02B-13D66748798B} = {A0AA2E1D-2B42-475F-BCA4-80DD5CCB64CD}
		{EDECAB91-B187-47BE-AC03-788DEDDF8AA0} = {A0AA2E1D-2B42-475F-BCA4-80DD5CCB64CD}
		{D866FEE7-FAC8-40F3-AF01-1CCAC6055286} = {E9E343C6-9EE9-4EA4-81EC-6BFC09AE9402}
		{78803053-F4B5-4C04-A115-5BEE092F2123} = {A0AA2E1D-2B42-475F-BCA4-80DD5CCB64CD}
		{1E697CA9-5FAE-49F7-8293-67F5DCF8BFC7} = {A0AA2E1D-2B42-475F-BCA4-80DD5CCB64CD}
		{AE82DAC4-0FAA-4AE5-AEA6-99BDF3757B67} = {A0AA2E1D-2B42-475F-BCA4-80DD5CCB64CD}
		{247829F4-D0DC-42DF-A916-E1559360F401} = {A0AA2E1D-2B42-475F-BCA4-80DD5CCB64CD}
		{41240F93-01CA-4992-B4A4-3ADD585B0215} = {A0AA2E1D-2B42-475F-BCA4-80DD5CCB64CD}
		{452531A0-DAD8-4EC1-9DA5-BDBC327AE983} = {A0AA2E1D-2B42-475F-BCA4-80DD5CCB64CD}
	EndGlobalSection
	GlobalSection(ExtensibilityGlobals) = postSolution
		SolutionGuid = {965D0EC4-55A4-4AF7-9E67-1AFC2AC470F6}
	EndGlobalSection
EndGlobal
