
Microsoft Visual Studio Solution File, Format Version 12.00
# Visual Studio 15
VisualStudioVersion = 15.0.26430.16
MinimumVisualStudioVersion = 10.0.40219.1
Project("{2150E333-8FDC-42A3-9474-1A3956D46DE8}") = "Source", "Source", "{E9E343C6-9EE9-4EA4-81EC-6BFC09AE9402}"
EndProject
Project("{2150E333-8FDC-42A3-9474-1A3956D46DE8}") = "Tests", "Tests", "{A0AA2E1D-2B42-475F-BCA4-80DD5CCB64CD}"
EndProject
Project("{9A19103F-16F7-4668-BE54-9A1E7A4F7556}") = "MaybeMonad.Extensions.ResultMonad", "MaybeMonad.Extensions.ResultMonad\MaybeMonad.Extensions.ResultMonad.csproj", "{82BA5208-2B07-4337-B03E-8E2EA3C2DDA9}"
EndProject
Project("{9A19103F-16F7-4668-BE54-9A1E7A4F7556}") = "ResultMonad", "ResultMonad\ResultMonad.csproj", "{476031D4-6DAB-46F7-8BCC-B729C98DB2A1}"
EndProject
Project("{9A19103F-16F7-4668-BE54-9A1E7A4F7556}") = "HttpResultMonad", "HttpResultMonad\HttpResultMonad.csproj", "{7154C272-2D4A-4EE0-BC12-CE0C4CDF1EC0}"
EndProject
Project("{9A19103F-16F7-4668-BE54-9A1E7A4F7556}") = "HttpResultMonad.Extensions", "HttpResultMonad.Extensions\HttpResultMonad.Extensions.csproj", "{55ED30F0-D1EE-4A17-9FDE-A7A0D69BAAEF}"
EndProject
Project("{9A19103F-16F7-4668-BE54-9A1E7A4F7556}") = "ResultMonad.Extensions", "ResultMonad.Extensions\ResultMonad.Extensions.csproj", "{CE401D4F-E27F-4393-B6C0-8385E5DC1660}"
EndProject
Project("{9A19103F-16F7-4668-BE54-9A1E7A4F7556}") = "ResultMonad.Extensions.HttpResultMonad", "ResultMonad.Extensions.HttpResultMonad\ResultMonad.Extensions.HttpResultMonad.csproj", "{ED71AAD8-0056-4999-BA3F-476CC3381432}"
EndProject
Project("{FAE04EC0-301F-11D3-BF4B-00C04F79EFBC}") = "HttpResultMonad.Tests", "..\..\Tests\HttpResultMonad.Tests\HttpResultMonad.Tests.csproj", "{9C7D3445-3919-4C75-BA57-5C1AD02E423D}"
EndProject
Project("{FAE04EC0-301F-11D3-BF4B-00C04F79EFBC}") = "HttpResultMonad.Extensions.Tests", "..\..\Tests\HttpResultMonad.Extensions.Tests\HttpResultMonad.Extensions.Tests.csproj", "{0C096F59-404D-4F73-9776-F8C09272CFEC}"
EndProject
Project("{FAE04EC0-301F-11D3-BF4B-00C04F79EFBC}") = "MaybeMonad.Tests", "..\..\Tests\MaybeMonad.Tests\MaybeMonad.Tests.csproj", "{7D0D9D34-CC70-472A-A9F0-F72C6B1B4DE0}"
EndProject
Project("{FAE04EC0-301F-11D3-BF4B-00C04F79EFBC}") = "MaybeMonad.Extensions.ResultMonad.Tests", "..\..\Tests\MaybeMonad.Extensions.ResultMonad.Tests\MaybeMonad.Extensions.ResultMonad.Tests.csproj", "{71E863EC-0877-43E9-B5E5-B6E15EE18CCF}"
EndProject
Project("{FAE04EC0-301F-11D3-BF4B-00C04F79EFBC}") = "ResultMonad.Tests", "..\..\Tests\ResultMonad.Tests\ResultMonad.Tests.csproj", "{DD084449-24BA-460E-9977-B50977A9B11E}"
EndProject
Project("{FAE04EC0-301F-11D3-BF4B-00C04F79EFBC}") = "ResultMonad.Extensions.Tests", "..\..\Tests\ResultMonad.Extensions.Tests\ResultMonad.Extensions.Tests.csproj", "{B28FD823-987F-4C11-8670-4CC9E879B786}"
EndProject
Project("{FAE04EC0-301F-11D3-BF4B-00C04F79EFBC}") = "ResultMonad.Extensions.HttpResultMonad.Tests", "..\..\Tests\ResultMonad.Extensions.HttpResultMonad.Tests\ResultMonad.Extensions.HttpResultMonad.Tests.csproj", "{4818ADE9-9128-4771-82EB-AA95AC92F88F}"
EndProject
Project("{2150E333-8FDC-42A3-9474-1A3956D46DE8}") = "Nuget", "Nuget", "{54729880-87F5-460B-B94B-34ACE429D09E}"
	ProjectSection(SolutionItems) = preProject
		nuget.config = nuget.config
	EndProjectSection
EndProject
Project("{FAE04EC0-301F-11D3-BF4B-00C04F79EFBC}") = "MaybeMonad", "MaybeMonad\MaybeMonad.csproj", "{34230919-64B2-4FA3-92C9-A5259FD8A063}"
EndProject
Global
	GlobalSection(SolutionConfigurationPlatforms) = preSolution
		Debug|Any CPU = Debug|Any CPU
		Release|Any CPU = Release|Any CPU
	EndGlobalSection
	GlobalSection(ProjectConfigurationPlatforms) = postSolution
		{82BA5208-2B07-4337-B03E-8E2EA3C2DDA9}.Debug|Any CPU.ActiveCfg = Debug|Any CPU
		{82BA5208-2B07-4337-B03E-8E2EA3C2DDA9}.Debug|Any CPU.Build.0 = Debug|Any CPU
		{82BA5208-2B07-4337-B03E-8E2EA3C2DDA9}.Release|Any CPU.ActiveCfg = Release|Any CPU
		{82BA5208-2B07-4337-B03E-8E2EA3C2DDA9}.Release|Any CPU.Build.0 = Release|Any CPU
		{476031D4-6DAB-46F7-8BCC-B729C98DB2A1}.Debug|Any CPU.ActiveCfg = Debug|Any CPU
		{476031D4-6DAB-46F7-8BCC-B729C98DB2A1}.Debug|Any CPU.Build.0 = Debug|Any CPU
		{476031D4-6DAB-46F7-8BCC-B729C98DB2A1}.Release|Any CPU.ActiveCfg = Release|Any CPU
		{476031D4-6DAB-46F7-8BCC-B729C98DB2A1}.Release|Any CPU.Build.0 = Release|Any CPU
		{7154C272-2D4A-4EE0-BC12-CE0C4CDF1EC0}.Debug|Any CPU.ActiveCfg = Debug|Any CPU
		{7154C272-2D4A-4EE0-BC12-CE0C4CDF1EC0}.Debug|Any CPU.Build.0 = Debug|Any CPU
		{7154C272-2D4A-4EE0-BC12-CE0C4CDF1EC0}.Release|Any CPU.ActiveCfg = Release|Any CPU
		{7154C272-2D4A-4EE0-BC12-CE0C4CDF1EC0}.Release|Any CPU.Build.0 = Release|Any CPU
		{55ED30F0-D1EE-4A17-9FDE-A7A0D69BAAEF}.Debug|Any CPU.ActiveCfg = Debug|Any CPU
		{55ED30F0-D1EE-4A17-9FDE-A7A0D69BAAEF}.Debug|Any CPU.Build.0 = Debug|Any CPU
		{55ED30F0-D1EE-4A17-9FDE-A7A0D69BAAEF}.Release|Any CPU.ActiveCfg = Release|Any CPU
		{55ED30F0-D1EE-4A17-9FDE-A7A0D69BAAEF}.Release|Any CPU.Build.0 = Release|Any CPU
		{CE401D4F-E27F-4393-B6C0-8385E5DC1660}.Debug|Any CPU.ActiveCfg = Debug|Any CPU
		{CE401D4F-E27F-4393-B6C0-8385E5DC1660}.Debug|Any CPU.Build.0 = Debug|Any CPU
		{CE401D4F-E27F-4393-B6C0-8385E5DC1660}.Release|Any CPU.ActiveCfg = Release|Any CPU
		{CE401D4F-E27F-4393-B6C0-8385E5DC1660}.Release|Any CPU.Build.0 = Release|Any CPU
		{ED71AAD8-0056-4999-BA3F-476CC3381432}.Debug|Any CPU.ActiveCfg = Debug|Any CPU
		{ED71AAD8-0056-4999-BA3F-476CC3381432}.Debug|Any CPU.Build.0 = Debug|Any CPU
		{ED71AAD8-0056-4999-BA3F-476CC3381432}.Release|Any CPU.ActiveCfg = Release|Any CPU
		{ED71AAD8-0056-4999-BA3F-476CC3381432}.Release|Any CPU.Build.0 = Release|Any CPU
		{9C7D3445-3919-4C75-BA57-5C1AD02E423D}.Debug|Any CPU.ActiveCfg = Debug|Any CPU
		{9C7D3445-3919-4C75-BA57-5C1AD02E423D}.Debug|Any CPU.Build.0 = Debug|Any CPU
		{9C7D3445-3919-4C75-BA57-5C1AD02E423D}.Release|Any CPU.ActiveCfg = Release|Any CPU
		{9C7D3445-3919-4C75-BA57-5C1AD02E423D}.Release|Any CPU.Build.0 = Release|Any CPU
		{0C096F59-404D-4F73-9776-F8C09272CFEC}.Debug|Any CPU.ActiveCfg = Debug|Any CPU
		{0C096F59-404D-4F73-9776-F8C09272CFEC}.Debug|Any CPU.Build.0 = Debug|Any CPU
		{0C096F59-404D-4F73-9776-F8C09272CFEC}.Release|Any CPU.ActiveCfg = Release|Any CPU
		{0C096F59-404D-4F73-9776-F8C09272CFEC}.Release|Any CPU.Build.0 = Release|Any CPU
		{7D0D9D34-CC70-472A-A9F0-F72C6B1B4DE0}.Debug|Any CPU.ActiveCfg = Debug|Any CPU
		{7D0D9D34-CC70-472A-A9F0-F72C6B1B4DE0}.Debug|Any CPU.Build.0 = Debug|Any CPU
		{7D0D9D34-CC70-472A-A9F0-F72C6B1B4DE0}.Release|Any CPU.ActiveCfg = Release|Any CPU
		{7D0D9D34-CC70-472A-A9F0-F72C6B1B4DE0}.Release|Any CPU.Build.0 = Release|Any CPU
		{71E863EC-0877-43E9-B5E5-B6E15EE18CCF}.Debug|Any CPU.ActiveCfg = Debug|Any CPU
		{71E863EC-0877-43E9-B5E5-B6E15EE18CCF}.Debug|Any CPU.Build.0 = Debug|Any CPU
		{71E863EC-0877-43E9-B5E5-B6E15EE18CCF}.Release|Any CPU.ActiveCfg = Release|Any CPU
		{71E863EC-0877-43E9-B5E5-B6E15EE18CCF}.Release|Any CPU.Build.0 = Release|Any CPU
		{DD084449-24BA-460E-9977-B50977A9B11E}.Debug|Any CPU.ActiveCfg = Debug|Any CPU
		{DD084449-24BA-460E-9977-B50977A9B11E}.Debug|Any CPU.Build.0 = Debug|Any CPU
		{DD084449-24BA-460E-9977-B50977A9B11E}.Release|Any CPU.ActiveCfg = Release|Any CPU
		{DD084449-24BA-460E-9977-B50977A9B11E}.Release|Any CPU.Build.0 = Release|Any CPU
		{B28FD823-987F-4C11-8670-4CC9E879B786}.Debug|Any CPU.ActiveCfg = Debug|Any CPU
		{B28FD823-987F-4C11-8670-4CC9E879B786}.Debug|Any CPU.Build.0 = Debug|Any CPU
		{B28FD823-987F-4C11-8670-4CC9E879B786}.Release|Any CPU.ActiveCfg = Release|Any CPU
		{B28FD823-987F-4C11-8670-4CC9E879B786}.Release|Any CPU.Build.0 = Release|Any CPU
		{4818ADE9-9128-4771-82EB-AA95AC92F88F}.Debug|Any CPU.ActiveCfg = Debug|Any CPU
		{4818ADE9-9128-4771-82EB-AA95AC92F88F}.Debug|Any CPU.Build.0 = Debug|Any CPU
		{4818ADE9-9128-4771-82EB-AA95AC92F88F}.Release|Any CPU.ActiveCfg = Release|Any CPU
		{4818ADE9-9128-4771-82EB-AA95AC92F88F}.Release|Any CPU.Build.0 = Release|Any CPU
		{34230919-64B2-4FA3-92C9-A5259FD8A063}.Debug|Any CPU.ActiveCfg = Debug|Any CPU
		{34230919-64B2-4FA3-92C9-A5259FD8A063}.Debug|Any CPU.Build.0 = Debug|Any CPU
		{34230919-64B2-4FA3-92C9-A5259FD8A063}.Release|Any CPU.ActiveCfg = Release|Any CPU
		{34230919-64B2-4FA3-92C9-A5259FD8A063}.Release|Any CPU.Build.0 = Release|Any CPU
	EndGlobalSection
	GlobalSection(SolutionProperties) = preSolution
		HideSolutionNode = FALSE
	EndGlobalSection
	GlobalSection(NestedProjects) = preSolution
		{82BA5208-2B07-4337-B03E-8E2EA3C2DDA9} = {E9E343C6-9EE9-4EA4-81EC-6BFC09AE9402}
		{476031D4-6DAB-46F7-8BCC-B729C98DB2A1} = {E9E343C6-9EE9-4EA4-81EC-6BFC09AE9402}
		{7154C272-2D4A-4EE0-BC12-CE0C4CDF1EC0} = {E9E343C6-9EE9-4EA4-81EC-6BFC09AE9402}
		{55ED30F0-D1EE-4A17-9FDE-A7A0D69BAAEF} = {E9E343C6-9EE9-4EA4-81EC-6BFC09AE9402}
		{CE401D4F-E27F-4393-B6C0-8385E5DC1660} = {E9E343C6-9EE9-4EA4-81EC-6BFC09AE9402}
		{ED71AAD8-0056-4999-BA3F-476CC3381432} = {E9E343C6-9EE9-4EA4-81EC-6BFC09AE9402}
		{9C7D3445-3919-4C75-BA57-5C1AD02E423D} = {A0AA2E1D-2B42-475F-BCA4-80DD5CCB64CD}
		{0C096F59-404D-4F73-9776-F8C09272CFEC} = {A0AA2E1D-2B42-475F-BCA4-80DD5CCB64CD}
		{7D0D9D34-CC70-472A-A9F0-F72C6B1B4DE0} = {A0AA2E1D-2B42-475F-BCA4-80DD5CCB64CD}
		{71E863EC-0877-43E9-B5E5-B6E15EE18CCF} = {A0AA2E1D-2B42-475F-BCA4-80DD5CCB64CD}
		{DD084449-24BA-460E-9977-B50977A9B11E} = {A0AA2E1D-2B42-475F-BCA4-80DD5CCB64CD}
		{B28FD823-987F-4C11-8670-4CC9E879B786} = {A0AA2E1D-2B42-475F-BCA4-80DD5CCB64CD}
		{4818ADE9-9128-4771-82EB-AA95AC92F88F} = {A0AA2E1D-2B42-475F-BCA4-80DD5CCB64CD}
		{34230919-64B2-4FA3-92C9-A5259FD8A063} = {E9E343C6-9EE9-4EA4-81EC-6BFC09AE9402}
	EndGlobalSection
EndGlobal
